// !$*UTF8*$!
{
	archiveVersion = 1;
	classes = {
	};
	objectVersion = 46;
	objects = {

/* Begin PBXBuildFile section */
		046CC0B51F067E7B00FC561D /* BeaconContentFactory.swift in Sources */ = {isa = PBXBuildFile; fileRef = 046CC0AD1F067E7B00FC561D /* BeaconContentFactory.swift */; };
		046CC0B61F067E7B00FC561D /* BeaconDetails.swift in Sources */ = {isa = PBXBuildFile; fileRef = 046CC0AE1F067E7B00FC561D /* BeaconDetails.swift */; };
		046CC0B71F067E7B00FC561D /* BeaconDetailsCloudFactory.swift in Sources */ = {isa = PBXBuildFile; fileRef = 046CC0AF1F067E7B00FC561D /* BeaconDetailsCloudFactory.swift */; };
		046CC0B81F067E7B00FC561D /* BeaconDetailsStaticFactory.swift in Sources */ = {isa = PBXBuildFile; fileRef = 046CC0B01F067E7B00FC561D /* BeaconDetailsStaticFactory.swift */; };
		046CC0B91F067E7B00FC561D /* BeaconID.swift in Sources */ = {isa = PBXBuildFile; fileRef = 046CC0B11F067E7B00FC561D /* BeaconID.swift */; };
		046CC0BA1F067E7B00FC561D /* CachingContentFactory.swift in Sources */ = {isa = PBXBuildFile; fileRef = 046CC0B21F067E7B00FC561D /* CachingContentFactory.swift */; };
		046CC0BB1F067E7B00FC561D /* NearestBeaconManager.swift in Sources */ = {isa = PBXBuildFile; fileRef = 046CC0B31F067E7B00FC561D /* NearestBeaconManager.swift */; };
		046CC0BC1F067E7B00FC561D /* ProximityContentManager.swift in Sources */ = {isa = PBXBuildFile; fileRef = 046CC0B41F067E7B00FC561D /* ProximityContentManager.swift */; };
		046CC0BE1F0682CF00FC561D /* BeaconManager.swift in Sources */ = {isa = PBXBuildFile; fileRef = 046CC0BD1F0682CF00FC561D /* BeaconManager.swift */; };
		4120CA091F084F3E00C102C8 /* SigninInteractor.swift in Sources */ = {isa = PBXBuildFile; fileRef = 4120CA031F084F3E00C102C8 /* SigninInteractor.swift */; };
		4120CA0A1F084F3E00C102C8 /* SigninModels.swift in Sources */ = {isa = PBXBuildFile; fileRef = 4120CA041F084F3E00C102C8 /* SigninModels.swift */; };
		4120CA0B1F084F3E00C102C8 /* SigninPresenter.swift in Sources */ = {isa = PBXBuildFile; fileRef = 4120CA051F084F3E00C102C8 /* SigninPresenter.swift */; };
		4120CA0C1F084F3E00C102C8 /* SigninRouter.swift in Sources */ = {isa = PBXBuildFile; fileRef = 4120CA061F084F3E00C102C8 /* SigninRouter.swift */; };
		4120CA0D1F084F3E00C102C8 /* SigninViewController.swift in Sources */ = {isa = PBXBuildFile; fileRef = 4120CA071F084F3E00C102C8 /* SigninViewController.swift */; };
		4120CA0E1F084F3E00C102C8 /* SigninWorker.swift in Sources */ = {isa = PBXBuildFile; fileRef = 4120CA081F084F3E00C102C8 /* SigninWorker.swift */; };
		4120CA221F08572200C102C8 /* LobbyInteractor.swift in Sources */ = {isa = PBXBuildFile; fileRef = 4120CA1C1F08572200C102C8 /* LobbyInteractor.swift */; };
		4120CA231F08572200C102C8 /* LobbyModels.swift in Sources */ = {isa = PBXBuildFile; fileRef = 4120CA1D1F08572200C102C8 /* LobbyModels.swift */; };
		4120CA241F08572200C102C8 /* LobbyPresenter.swift in Sources */ = {isa = PBXBuildFile; fileRef = 4120CA1E1F08572200C102C8 /* LobbyPresenter.swift */; };
		4120CA251F08572200C102C8 /* LobbyRouter.swift in Sources */ = {isa = PBXBuildFile; fileRef = 4120CA1F1F08572200C102C8 /* LobbyRouter.swift */; };
		4120CA261F08572200C102C8 /* LobbyViewController.swift in Sources */ = {isa = PBXBuildFile; fileRef = 4120CA201F08572200C102C8 /* LobbyViewController.swift */; };
		4120CA271F08572200C102C8 /* LobbyWorker.swift in Sources */ = {isa = PBXBuildFile; fileRef = 4120CA211F08572200C102C8 /* LobbyWorker.swift */; };
		437040A41F0650AB004FA467 /* AppDelegate.swift in Sources */ = {isa = PBXBuildFile; fileRef = 437040A31F0650AB004FA467 /* AppDelegate.swift */; };
		437040A91F0650AB004FA467 /* Main.storyboard in Resources */ = {isa = PBXBuildFile; fileRef = 437040A71F0650AB004FA467 /* Main.storyboard */; };
		437040AB1F0650AB004FA467 /* Assets.xcassets in Resources */ = {isa = PBXBuildFile; fileRef = 437040AA1F0650AB004FA467 /* Assets.xcassets */; };
		437040AE1F0650AB004FA467 /* LaunchScreen.storyboard in Resources */ = {isa = PBXBuildFile; fileRef = 437040AC1F0650AB004FA467 /* LaunchScreen.storyboard */; };
		437040B61F06578B004FA467 /* GoogleService-Info.plist in Resources */ = {isa = PBXBuildFile; fileRef = 437040B51F06578B004FA467 /* GoogleService-Info.plist */; };
		437040C01F0668E3004FA467 /* LobbyItem.swift in Sources */ = {isa = PBXBuildFile; fileRef = 437040BF1F0668E3004FA467 /* LobbyItem.swift */; };
		437040C21F066C9D004FA467 /* Table.swift in Sources */ = {isa = PBXBuildFile; fileRef = 437040C11F066C9D004FA467 /* Table.swift */; };
		437040C61F068B6A004FA467 /* LobbyItemTableViewCell.swift in Sources */ = {isa = PBXBuildFile; fileRef = 437040C51F068B6A004FA467 /* LobbyItemTableViewCell.swift */; };
		437679FC1F06C6A000E36686 /* Theme.swift in Sources */ = {isa = PBXBuildFile; fileRef = 437679FB1F06C6A000E36686 /* Theme.swift */; };
		ED7A4CB590D7D89D763C08FA /* Pods_thecue.framework in Frameworks */ = {isa = PBXBuildFile; fileRef = F7D174F4B03E9904AE86DB1E /* Pods_thecue.framework */; };
/* End PBXBuildFile section */

/* Begin PBXFileReference section */
		046CC0AD1F067E7B00FC561D /* BeaconContentFactory.swift */ = {isa = PBXFileReference; fileEncoding = 4; lastKnownFileType = sourcecode.swift; path = BeaconContentFactory.swift; sourceTree = "<group>"; };
		046CC0AE1F067E7B00FC561D /* BeaconDetails.swift */ = {isa = PBXFileReference; fileEncoding = 4; lastKnownFileType = sourcecode.swift; path = BeaconDetails.swift; sourceTree = "<group>"; };
		046CC0AF1F067E7B00FC561D /* BeaconDetailsCloudFactory.swift */ = {isa = PBXFileReference; fileEncoding = 4; lastKnownFileType = sourcecode.swift; path = BeaconDetailsCloudFactory.swift; sourceTree = "<group>"; };
		046CC0B01F067E7B00FC561D /* BeaconDetailsStaticFactory.swift */ = {isa = PBXFileReference; fileEncoding = 4; lastKnownFileType = sourcecode.swift; path = BeaconDetailsStaticFactory.swift; sourceTree = "<group>"; };
		046CC0B11F067E7B00FC561D /* BeaconID.swift */ = {isa = PBXFileReference; fileEncoding = 4; lastKnownFileType = sourcecode.swift; path = BeaconID.swift; sourceTree = "<group>"; };
		046CC0B21F067E7B00FC561D /* CachingContentFactory.swift */ = {isa = PBXFileReference; fileEncoding = 4; lastKnownFileType = sourcecode.swift; path = CachingContentFactory.swift; sourceTree = "<group>"; };
		046CC0B31F067E7B00FC561D /* NearestBeaconManager.swift */ = {isa = PBXFileReference; fileEncoding = 4; lastKnownFileType = sourcecode.swift; path = NearestBeaconManager.swift; sourceTree = "<group>"; };
		046CC0B41F067E7B00FC561D /* ProximityContentManager.swift */ = {isa = PBXFileReference; fileEncoding = 4; lastKnownFileType = sourcecode.swift; path = ProximityContentManager.swift; sourceTree = "<group>"; };
		046CC0BD1F0682CF00FC561D /* BeaconManager.swift */ = {isa = PBXFileReference; fileEncoding = 4; lastKnownFileType = sourcecode.swift; path = BeaconManager.swift; sourceTree = "<group>"; };
		049619061F06581000518ABC /* thecue-Bridging-Header.h */ = {isa = PBXFileReference; lastKnownFileType = sourcecode.c.h; path = "thecue-Bridging-Header.h"; sourceTree = "<group>"; };
		2394DCC070E0BE281050C8BD /* Pods-thecue.release.xcconfig */ = {isa = PBXFileReference; includeInIndex = 1; lastKnownFileType = text.xcconfig; name = "Pods-thecue.release.xcconfig"; path = "Pods/Target Support Files/Pods-thecue/Pods-thecue.release.xcconfig"; sourceTree = "<group>"; };
		2B56F47E4474FD8ACF04F82B /* Pods-thecue.debug.xcconfig */ = {isa = PBXFileReference; includeInIndex = 1; lastKnownFileType = text.xcconfig; name = "Pods-thecue.debug.xcconfig"; path = "Pods/Target Support Files/Pods-thecue/Pods-thecue.debug.xcconfig"; sourceTree = "<group>"; };
		4120CA031F084F3E00C102C8 /* SigninInteractor.swift */ = {isa = PBXFileReference; fileEncoding = 4; lastKnownFileType = sourcecode.swift; path = SigninInteractor.swift; sourceTree = "<group>"; };
		4120CA041F084F3E00C102C8 /* SigninModels.swift */ = {isa = PBXFileReference; fileEncoding = 4; lastKnownFileType = sourcecode.swift; path = SigninModels.swift; sourceTree = "<group>"; };
		4120CA051F084F3E00C102C8 /* SigninPresenter.swift */ = {isa = PBXFileReference; fileEncoding = 4; lastKnownFileType = sourcecode.swift; path = SigninPresenter.swift; sourceTree = "<group>"; };
		4120CA061F084F3E00C102C8 /* SigninRouter.swift */ = {isa = PBXFileReference; fileEncoding = 4; lastKnownFileType = sourcecode.swift; path = SigninRouter.swift; sourceTree = "<group>"; };
		4120CA071F084F3E00C102C8 /* SigninViewController.swift */ = {isa = PBXFileReference; fileEncoding = 4; lastKnownFileType = sourcecode.swift; path = SigninViewController.swift; sourceTree = "<group>"; };
		4120CA081F084F3E00C102C8 /* SigninWorker.swift */ = {isa = PBXFileReference; fileEncoding = 4; lastKnownFileType = sourcecode.swift; path = SigninWorker.swift; sourceTree = "<group>"; };
		4120CA1C1F08572200C102C8 /* LobbyInteractor.swift */ = {isa = PBXFileReference; fileEncoding = 4; lastKnownFileType = sourcecode.swift; path = LobbyInteractor.swift; sourceTree = "<group>"; };
		4120CA1D1F08572200C102C8 /* LobbyModels.swift */ = {isa = PBXFileReference; fileEncoding = 4; lastKnownFileType = sourcecode.swift; path = LobbyModels.swift; sourceTree = "<group>"; };
		4120CA1E1F08572200C102C8 /* LobbyPresenter.swift */ = {isa = PBXFileReference; fileEncoding = 4; lastKnownFileType = sourcecode.swift; path = LobbyPresenter.swift; sourceTree = "<group>"; };
		4120CA1F1F08572200C102C8 /* LobbyRouter.swift */ = {isa = PBXFileReference; fileEncoding = 4; lastKnownFileType = sourcecode.swift; path = LobbyRouter.swift; sourceTree = "<group>"; };
		4120CA201F08572200C102C8 /* LobbyViewController.swift */ = {isa = PBXFileReference; fileEncoding = 4; lastKnownFileType = sourcecode.swift; path = LobbyViewController.swift; sourceTree = "<group>"; };
		4120CA211F08572200C102C8 /* LobbyWorker.swift */ = {isa = PBXFileReference; fileEncoding = 4; lastKnownFileType = sourcecode.swift; path = LobbyWorker.swift; sourceTree = "<group>"; };
		437040A01F0650AB004FA467 /* thecue.app */ = {isa = PBXFileReference; explicitFileType = wrapper.application; includeInIndex = 0; path = thecue.app; sourceTree = BUILT_PRODUCTS_DIR; };
		437040A31F0650AB004FA467 /* AppDelegate.swift */ = {isa = PBXFileReference; lastKnownFileType = sourcecode.swift; path = AppDelegate.swift; sourceTree = "<group>"; };
		437040A81F0650AB004FA467 /* Base */ = {isa = PBXFileReference; lastKnownFileType = file.storyboard; name = Base; path = Base.lproj/Main.storyboard; sourceTree = "<group>"; };
		437040AA1F0650AB004FA467 /* Assets.xcassets */ = {isa = PBXFileReference; lastKnownFileType = folder.assetcatalog; path = Assets.xcassets; sourceTree = "<group>"; };
		437040AD1F0650AB004FA467 /* Base */ = {isa = PBXFileReference; lastKnownFileType = file.storyboard; name = Base; path = Base.lproj/LaunchScreen.storyboard; sourceTree = "<group>"; };
		437040AF1F0650AB004FA467 /* Info.plist */ = {isa = PBXFileReference; lastKnownFileType = text.plist.xml; path = Info.plist; sourceTree = "<group>"; };
		437040B51F06578B004FA467 /* GoogleService-Info.plist */ = {isa = PBXFileReference; fileEncoding = 4; lastKnownFileType = text.plist.xml; name = "GoogleService-Info.plist"; path = "../../../Downloads/GoogleService-Info.plist"; sourceTree = "<group>"; };
		437040BF1F0668E3004FA467 /* LobbyItem.swift */ = {isa = PBXFileReference; fileEncoding = 4; lastKnownFileType = sourcecode.swift; path = LobbyItem.swift; sourceTree = "<group>"; };
		437040C11F066C9D004FA467 /* Table.swift */ = {isa = PBXFileReference; fileEncoding = 4; lastKnownFileType = sourcecode.swift; path = Table.swift; sourceTree = "<group>"; };
		437040C51F068B6A004FA467 /* LobbyItemTableViewCell.swift */ = {isa = PBXFileReference; fileEncoding = 4; lastKnownFileType = sourcecode.swift; path = LobbyItemTableViewCell.swift; sourceTree = "<group>"; };
		437679FB1F06C6A000E36686 /* Theme.swift */ = {isa = PBXFileReference; fileEncoding = 4; lastKnownFileType = sourcecode.swift; path = Theme.swift; sourceTree = "<group>"; };
		F7D174F4B03E9904AE86DB1E /* Pods_thecue.framework */ = {isa = PBXFileReference; explicitFileType = wrapper.framework; includeInIndex = 0; path = Pods_thecue.framework; sourceTree = BUILT_PRODUCTS_DIR; };
/* End PBXFileReference section */

/* Begin PBXFrameworksBuildPhase section */
		4370409D1F0650AB004FA467 /* Frameworks */ = {
			isa = PBXFrameworksBuildPhase;
			buildActionMask = 2147483647;
			files = (
				ED7A4CB590D7D89D763C08FA /* Pods_thecue.framework in Frameworks */,
			);
			runOnlyForDeploymentPostprocessing = 0;
		};
/* End PBXFrameworksBuildPhase section */

/* Begin PBXGroup section */
		046CC0AC1F067E6600FC561D /* Beacon */ = {
			isa = PBXGroup;
			children = (
				046CC0AD1F067E7B00FC561D /* BeaconContentFactory.swift */,
				046CC0AE1F067E7B00FC561D /* BeaconDetails.swift */,
				046CC0AF1F067E7B00FC561D /* BeaconDetailsCloudFactory.swift */,
				046CC0B01F067E7B00FC561D /* BeaconDetailsStaticFactory.swift */,
				046CC0B11F067E7B00FC561D /* BeaconID.swift */,
				046CC0B21F067E7B00FC561D /* CachingContentFactory.swift */,
				046CC0B31F067E7B00FC561D /* NearestBeaconManager.swift */,
				046CC0B41F067E7B00FC561D /* ProximityContentManager.swift */,
				046CC0BD1F0682CF00FC561D /* BeaconManager.swift */,
			);
			path = Beacon;
			sourceTree = "<group>";
		};
		4120CA001F084EFF00C102C8 /* Scenes */ = {
			isa = PBXGroup;
			children = (
				4120CA1B1F08572200C102C8 /* Lobby */,
				4120CA021F084F2300C102C8 /* Signin */,
			);
			path = Scenes;
			sourceTree = "<group>";
		};
		4120CA021F084F2300C102C8 /* Signin */ = {
			isa = PBXGroup;
			children = (
				4120CA031F084F3E00C102C8 /* SigninInteractor.swift */,
				4120CA041F084F3E00C102C8 /* SigninModels.swift */,
				4120CA051F084F3E00C102C8 /* SigninPresenter.swift */,
				4120CA061F084F3E00C102C8 /* SigninRouter.swift */,
				4120CA071F084F3E00C102C8 /* SigninViewController.swift */,
				4120CA081F084F3E00C102C8 /* SigninWorker.swift */,
			);
			path = Signin;
			sourceTree = "<group>";
		};
		4120CA1B1F08572200C102C8 /* Lobby */ = {
			isa = PBXGroup;
			children = (
				4120CA1C1F08572200C102C8 /* LobbyInteractor.swift */,
				4120CA1D1F08572200C102C8 /* LobbyModels.swift */,
				4120CA1E1F08572200C102C8 /* LobbyPresenter.swift */,
				4120CA1F1F08572200C102C8 /* LobbyRouter.swift */,
				4120CA201F08572200C102C8 /* LobbyViewController.swift */,
				4120CA211F08572200C102C8 /* LobbyWorker.swift */,
			);
			path = Lobby;
			sourceTree = "<group>";
		};
		437040971F0650AB004FA467 = {
			isa = PBXGroup;
			children = (
				437040A21F0650AB004FA467 /* thecue */,
				437040A11F0650AB004FA467 /* Products */,
				78DE6DB4E78415DA64096AC8 /* Pods */,
				EC289CB9FFC3C84A04CCE6C3 /* Frameworks */,
			);
			sourceTree = "<group>";
		};
		437040A11F0650AB004FA467 /* Products */ = {
			isa = PBXGroup;
			children = (
				437040A01F0650AB004FA467 /* thecue.app */,
			);
			name = Products;
			sourceTree = "<group>";
		};
		437040A21F0650AB004FA467 /* thecue */ = {
			isa = PBXGroup;
			children = (
				437040A31F0650AB004FA467 /* AppDelegate.swift */,
				437040A71F0650AB004FA467 /* Main.storyboard */,
				437040AA1F0650AB004FA467 /* Assets.xcassets */,
				437040AC1F0650AB004FA467 /* LaunchScreen.storyboard */,
				437040AF1F0650AB004FA467 /* Info.plist */,
				437040B51F06578B004FA467 /* GoogleService-Info.plist */,
				046CC0AC1F067E6600FC561D /* Beacon */,
				437679FA1F06C68600E36686 /* Common */,
				437040BC1F065D49004FA467 /* Lobby */,
				4120CA001F084EFF00C102C8 /* Scenes */,
				049619061F06581000518ABC /* thecue-Bridging-Header.h */,
			);
			path = thecue;
			sourceTree = "<group>";
		};
		437040BC1F065D49004FA467 /* Lobby */ = {
			isa = PBXGroup;
			children = (
				437040C51F068B6A004FA467 /* LobbyItemTableViewCell.swift */,
				437040BF1F0668E3004FA467 /* LobbyItem.swift */,
				437040C11F066C9D004FA467 /* Table.swift */,
			);
			path = Lobby;
			sourceTree = "<group>";
		};
		437679FA1F06C68600E36686 /* Common */ = {
			isa = PBXGroup;
			children = (
				437679FB1F06C6A000E36686 /* Theme.swift */,
			);
			path = Common;
			sourceTree = "<group>";
		};
		78DE6DB4E78415DA64096AC8 /* Pods */ = {
			isa = PBXGroup;
			children = (
				2B56F47E4474FD8ACF04F82B /* Pods-thecue.debug.xcconfig */,
				2394DCC070E0BE281050C8BD /* Pods-thecue.release.xcconfig */,
			);
			name = Pods;
			sourceTree = "<group>";
		};
		EC289CB9FFC3C84A04CCE6C3 /* Frameworks */ = {
			isa = PBXGroup;
			children = (
				F7D174F4B03E9904AE86DB1E /* Pods_thecue.framework */,
			);
			name = Frameworks;
			sourceTree = "<group>";
		};
/* End PBXGroup section */

/* Begin PBXNativeTarget section */
		4370409F1F0650AB004FA467 /* thecue */ = {
			isa = PBXNativeTarget;
			buildConfigurationList = 437040B21F0650AB004FA467 /* Build configuration list for PBXNativeTarget "thecue" */;
			buildPhases = (
				87C779028314D7371A62C873 /* [CP] Check Pods Manifest.lock */,
				4370409C1F0650AB004FA467 /* Sources */,
				4370409D1F0650AB004FA467 /* Frameworks */,
				4370409E1F0650AB004FA467 /* Resources */,
				B7CC7C9E3EF77B2A7EDE1EC0 /* [CP] Embed Pods Frameworks */,
				1E056D2AB383C6B7F5C4F110 /* [CP] Copy Pods Resources */,
				4118F9901F091DF00052A1AC /* Swiftlint */,
			);
			buildRules = (
			);
			dependencies = (
			);
			name = thecue;
			productName = thecue;
			productReference = 437040A01F0650AB004FA467 /* thecue.app */;
			productType = "com.apple.product-type.application";
		};
/* End PBXNativeTarget section */

/* Begin PBXProject section */
		437040981F0650AB004FA467 /* Project object */ = {
			isa = PBXProject;
			attributes = {
				LastSwiftUpdateCheck = 0830;
				LastUpgradeCheck = 0830;
				ORGANIZATIONNAME = Usabilla;
				TargetAttributes = {
					4370409F1F0650AB004FA467 = {
						CreatedOnToolsVersion = 8.3.3;
						DevelopmentTeam = 24ZZS38JW5;
						LastSwiftMigration = 0900;
						ProvisioningStyle = Automatic;
					};
				};
			};
			buildConfigurationList = 4370409B1F0650AB004FA467 /* Build configuration list for PBXProject "thecue" */;
			compatibilityVersion = "Xcode 3.2";
			developmentRegion = English;
			hasScannedForEncodings = 0;
			knownRegions = (
				en,
				Base,
			);
			mainGroup = 437040971F0650AB004FA467;
			productRefGroup = 437040A11F0650AB004FA467 /* Products */;
			projectDirPath = "";
			projectRoot = "";
			targets = (
				4370409F1F0650AB004FA467 /* thecue */,
			);
		};
/* End PBXProject section */

/* Begin PBXResourcesBuildPhase section */
		4370409E1F0650AB004FA467 /* Resources */ = {
			isa = PBXResourcesBuildPhase;
			buildActionMask = 2147483647;
			files = (
				437040AE1F0650AB004FA467 /* LaunchScreen.storyboard in Resources */,
				437040B61F06578B004FA467 /* GoogleService-Info.plist in Resources */,
				437040AB1F0650AB004FA467 /* Assets.xcassets in Resources */,
				437040A91F0650AB004FA467 /* Main.storyboard in Resources */,
			);
			runOnlyForDeploymentPostprocessing = 0;
		};
/* End PBXResourcesBuildPhase section */

/* Begin PBXShellScriptBuildPhase section */
		1E056D2AB383C6B7F5C4F110 /* [CP] Copy Pods Resources */ = {
			isa = PBXShellScriptBuildPhase;
			buildActionMask = 2147483647;
			files = (
			);
			inputPaths = (
			);
			name = "[CP] Copy Pods Resources";
			outputPaths = (
			);
			runOnlyForDeploymentPostprocessing = 0;
			shellPath = /bin/sh;
			shellScript = "\"${SRCROOT}/Pods/Target Support Files/Pods-thecue/Pods-thecue-resources.sh\"\n";
			showEnvVarsInLog = 0;
		};
		4118F9901F091DF00052A1AC /* Swiftlint */ = {
			isa = PBXShellScriptBuildPhase;
			buildActionMask = 2147483647;
			files = (
			);
			inputPaths = (
			);
			name = Swiftlint;
			outputPaths = (
			);
			runOnlyForDeploymentPostprocessing = 0;
			shellPath = /bin/sh;
			shellScript = "if which swiftlint >/dev/null; then\nswiftlint\nelse\necho \"warning: SwiftLint not installed, download from https://github.com/realm/SwiftLint\"\nfi";
		};
		87C779028314D7371A62C873 /* [CP] Check Pods Manifest.lock */ = {
			isa = PBXShellScriptBuildPhase;
			buildActionMask = 2147483647;
			files = (
			);
			inputPaths = (
			);
			name = "[CP] Check Pods Manifest.lock";
			outputPaths = (
			);
			runOnlyForDeploymentPostprocessing = 0;
			shellPath = /bin/sh;
			shellScript = "diff \"${PODS_PODFILE_DIR_PATH}/Podfile.lock\" \"${PODS_ROOT}/Manifest.lock\" > /dev/null\nif [ $? != 0 ] ; then\n    # print error to STDERR\n    echo \"error: The sandbox is not in sync with the Podfile.lock. Run 'pod install' or update your CocoaPods installation.\" >&2\n    exit 1\nfi\n";
			showEnvVarsInLog = 0;
		};
		B7CC7C9E3EF77B2A7EDE1EC0 /* [CP] Embed Pods Frameworks */ = {
			isa = PBXShellScriptBuildPhase;
			buildActionMask = 2147483647;
			files = (
			);
			inputPaths = (
			);
			name = "[CP] Embed Pods Frameworks";
			outputPaths = (
			);
			runOnlyForDeploymentPostprocessing = 0;
			shellPath = /bin/sh;
			shellScript = "\"${SRCROOT}/Pods/Target Support Files/Pods-thecue/Pods-thecue-frameworks.sh\"\n";
			showEnvVarsInLog = 0;
		};
/* End PBXShellScriptBuildPhase section */

/* Begin PBXSourcesBuildPhase section */
		4370409C1F0650AB004FA467 /* Sources */ = {
			isa = PBXSourcesBuildPhase;
			buildActionMask = 2147483647;
			files = (
				4120CA231F08572200C102C8 /* LobbyModels.swift in Sources */,
				437040C61F068B6A004FA467 /* LobbyItemTableViewCell.swift in Sources */,
				4120CA0D1F084F3E00C102C8 /* SigninViewController.swift in Sources */,
				437040C21F066C9D004FA467 /* Table.swift in Sources */,
				4120CA251F08572200C102C8 /* LobbyRouter.swift in Sources */,
				437040C01F0668E3004FA467 /* LobbyItem.swift in Sources */,
				4120CA0E1F084F3E00C102C8 /* SigninWorker.swift in Sources */,
				437679FC1F06C6A000E36686 /* Theme.swift in Sources */,
				4120CA261F08572200C102C8 /* LobbyViewController.swift in Sources */,
				046CC0B61F067E7B00FC561D /* BeaconDetails.swift in Sources */,
				4120CA0B1F084F3E00C102C8 /* SigninPresenter.swift in Sources */,
				4120CA221F08572200C102C8 /* LobbyInteractor.swift in Sources */,
				046CC0B81F067E7B00FC561D /* BeaconDetailsStaticFactory.swift in Sources */,
				046CC0BC1F067E7B00FC561D /* ProximityContentManager.swift in Sources */,
				4120CA241F08572200C102C8 /* LobbyPresenter.swift in Sources */,
				046CC0BB1F067E7B00FC561D /* NearestBeaconManager.swift in Sources */,
				4120CA0C1F084F3E00C102C8 /* SigninRouter.swift in Sources */,
				4120CA271F08572200C102C8 /* LobbyWorker.swift in Sources */,
				437040A41F0650AB004FA467 /* AppDelegate.swift in Sources */,
				4120CA091F084F3E00C102C8 /* SigninInteractor.swift in Sources */,
				046CC0B91F067E7B00FC561D /* BeaconID.swift in Sources */,
				046CC0B51F067E7B00FC561D /* BeaconContentFactory.swift in Sources */,
				4120CA0A1F084F3E00C102C8 /* SigninModels.swift in Sources */,
				046CC0BA1F067E7B00FC561D /* CachingContentFactory.swift in Sources */,
				046CC0BE1F0682CF00FC561D /* BeaconManager.swift in Sources */,
				046CC0B71F067E7B00FC561D /* BeaconDetailsCloudFactory.swift in Sources */,
			);
			runOnlyForDeploymentPostprocessing = 0;
		};
/* End PBXSourcesBuildPhase section */

/* Begin PBXVariantGroup section */
		437040A71F0650AB004FA467 /* Main.storyboard */ = {
			isa = PBXVariantGroup;
			children = (
				437040A81F0650AB004FA467 /* Base */,
			);
			name = Main.storyboard;
			sourceTree = "<group>";
		};
		437040AC1F0650AB004FA467 /* LaunchScreen.storyboard */ = {
			isa = PBXVariantGroup;
			children = (
				437040AD1F0650AB004FA467 /* Base */,
			);
			name = LaunchScreen.storyboard;
			sourceTree = "<group>";
		};
/* End PBXVariantGroup section */

/* Begin XCBuildConfiguration section */
		437040B01F0650AB004FA467 /* Debug */ = {
			isa = XCBuildConfiguration;
			buildSettings = {
				ALWAYS_SEARCH_USER_PATHS = NO;
				CLANG_ANALYZER_NONNULL = YES;
				CLANG_ANALYZER_NUMBER_OBJECT_CONVERSION = YES_AGGRESSIVE;
				CLANG_CXX_LANGUAGE_STANDARD = "gnu++0x";
				CLANG_CXX_LIBRARY = "libc++";
				CLANG_ENABLE_MODULES = YES;
				CLANG_ENABLE_OBJC_ARC = YES;
				CLANG_WARN_BOOL_CONVERSION = YES;
				CLANG_WARN_CONSTANT_CONVERSION = YES;
				CLANG_WARN_DIRECT_OBJC_ISA_USAGE = YES_ERROR;
				CLANG_WARN_DOCUMENTATION_COMMENTS = YES;
				CLANG_WARN_EMPTY_BODY = YES;
				CLANG_WARN_ENUM_CONVERSION = YES;
				CLANG_WARN_INFINITE_RECURSION = YES;
				CLANG_WARN_INT_CONVERSION = YES;
				CLANG_WARN_OBJC_ROOT_CLASS = YES_ERROR;
				CLANG_WARN_SUSPICIOUS_MOVE = YES;
				CLANG_WARN_UNREACHABLE_CODE = YES;
				CLANG_WARN__DUPLICATE_METHOD_MATCH = YES;
				"CODE_SIGN_IDENTITY[sdk=iphoneos*]" = "iPhone Developer";
				COPY_PHASE_STRIP = NO;
				DEBUG_INFORMATION_FORMAT = dwarf;
				ENABLE_STRICT_OBJC_MSGSEND = YES;
				ENABLE_TESTABILITY = YES;
				GCC_C_LANGUAGE_STANDARD = gnu99;
				GCC_DYNAMIC_NO_PIC = NO;
				GCC_NO_COMMON_BLOCKS = YES;
				GCC_OPTIMIZATION_LEVEL = 0;
				GCC_PREPROCESSOR_DEFINITIONS = (
					"DEBUG=1",
					"$(inherited)",
				);
				GCC_WARN_64_TO_32_BIT_CONVERSION = YES;
				GCC_WARN_ABOUT_RETURN_TYPE = YES_ERROR;
				GCC_WARN_UNDECLARED_SELECTOR = YES;
				GCC_WARN_UNINITIALIZED_AUTOS = YES_AGGRESSIVE;
				GCC_WARN_UNUSED_FUNCTION = YES;
				GCC_WARN_UNUSED_VARIABLE = YES;
				IPHONEOS_DEPLOYMENT_TARGET = 10.3;
				MTL_ENABLE_DEBUG_INFO = YES;
				ONLY_ACTIVE_ARCH = YES;
				SDKROOT = iphoneos;
				SWIFT_ACTIVE_COMPILATION_CONDITIONS = DEBUG;
				SWIFT_OPTIMIZATION_LEVEL = "-Onone";
				TARGETED_DEVICE_FAMILY = "1,2";
			};
			name = Debug;
		};
		437040B11F0650AB004FA467 /* Release */ = {
			isa = XCBuildConfiguration;
			buildSettings = {
				ALWAYS_SEARCH_USER_PATHS = NO;
				CLANG_ANALYZER_NONNULL = YES;
				CLANG_ANALYZER_NUMBER_OBJECT_CONVERSION = YES_AGGRESSIVE;
				CLANG_CXX_LANGUAGE_STANDARD = "gnu++0x";
				CLANG_CXX_LIBRARY = "libc++";
				CLANG_ENABLE_MODULES = YES;
				CLANG_ENABLE_OBJC_ARC = YES;
				CLANG_WARN_BOOL_CONVERSION = YES;
				CLANG_WARN_CONSTANT_CONVERSION = YES;
				CLANG_WARN_DIRECT_OBJC_ISA_USAGE = YES_ERROR;
				CLANG_WARN_DOCUMENTATION_COMMENTS = YES;
				CLANG_WARN_EMPTY_BODY = YES;
				CLANG_WARN_ENUM_CONVERSION = YES;
				CLANG_WARN_INFINITE_RECURSION = YES;
				CLANG_WARN_INT_CONVERSION = YES;
				CLANG_WARN_OBJC_ROOT_CLASS = YES_ERROR;
				CLANG_WARN_SUSPICIOUS_MOVE = YES;
				CLANG_WARN_UNREACHABLE_CODE = YES;
				CLANG_WARN__DUPLICATE_METHOD_MATCH = YES;
				"CODE_SIGN_IDENTITY[sdk=iphoneos*]" = "iPhone Developer";
				COPY_PHASE_STRIP = NO;
				DEBUG_INFORMATION_FORMAT = "dwarf-with-dsym";
				ENABLE_NS_ASSERTIONS = NO;
				ENABLE_STRICT_OBJC_MSGSEND = YES;
				GCC_C_LANGUAGE_STANDARD = gnu99;
				GCC_NO_COMMON_BLOCKS = YES;
				GCC_WARN_64_TO_32_BIT_CONVERSION = YES;
				GCC_WARN_ABOUT_RETURN_TYPE = YES_ERROR;
				GCC_WARN_UNDECLARED_SELECTOR = YES;
				GCC_WARN_UNINITIALIZED_AUTOS = YES_AGGRESSIVE;
				GCC_WARN_UNUSED_FUNCTION = YES;
				GCC_WARN_UNUSED_VARIABLE = YES;
				IPHONEOS_DEPLOYMENT_TARGET = 10.3;
				MTL_ENABLE_DEBUG_INFO = NO;
				SDKROOT = iphoneos;
				SWIFT_OPTIMIZATION_LEVEL = "-Owholemodule";
				TARGETED_DEVICE_FAMILY = "1,2";
				VALIDATE_PRODUCT = YES;
			};
			name = Release;
		};
		437040B31F0650AB004FA467 /* Debug */ = {
			isa = XCBuildConfiguration;
			baseConfigurationReference = 2B56F47E4474FD8ACF04F82B /* Pods-thecue.debug.xcconfig */;
			buildSettings = {
				ASSETCATALOG_COMPILER_APPICON_NAME = AppIcon;
				CLANG_ENABLE_MODULES = YES;
				DEVELOPMENT_TEAM = 24ZZS38JW5;
				INFOPLIST_FILE = thecue/Info.plist;
				LD_RUNPATH_SEARCH_PATHS = "$(inherited) @executable_path/Frameworks";
				PRODUCT_BUNDLE_IDENTIFIER = com.usabilla.thecue;
				PRODUCT_NAME = "$(TARGET_NAME)";
				SWIFT_OBJC_BRIDGING_HEADER = "thecue/thecue-Bridging-Header.h";
				SWIFT_OPTIMIZATION_LEVEL = "-Onone";
				SWIFT_VERSION = 3.0;
			};
			name = Debug;
		};
		437040B41F0650AB004FA467 /* Release */ = {
			isa = XCBuildConfiguration;
			baseConfigurationReference = 2394DCC070E0BE281050C8BD /* Pods-thecue.release.xcconfig */;
			buildSettings = {
				ASSETCATALOG_COMPILER_APPICON_NAME = AppIcon;
				CLANG_ENABLE_MODULES = YES;
				DEVELOPMENT_TEAM = 24ZZS38JW5;
				INFOPLIST_FILE = thecue/Info.plist;
				LD_RUNPATH_SEARCH_PATHS = "$(inherited) @executable_path/Frameworks";
				PRODUCT_BUNDLE_IDENTIFIER = com.usabilla.thecue;
				PRODUCT_NAME = "$(TARGET_NAME)";
				SWIFT_OBJC_BRIDGING_HEADER = "thecue/thecue-Bridging-Header.h";
				SWIFT_VERSION = 3.0;
			};
			name = Release;
		};
/* End XCBuildConfiguration section */

/* Begin XCConfigurationList section */
		4370409B1F0650AB004FA467 /* Build configuration list for PBXProject "thecue" */ = {
			isa = XCConfigurationList;
			buildConfigurations = (
				437040B01F0650AB004FA467 /* Debug */,
				437040B11F0650AB004FA467 /* Release */,
			);
			defaultConfigurationIsVisible = 0;
			defaultConfigurationName = Release;
		};
		437040B21F0650AB004FA467 /* Build configuration list for PBXNativeTarget "thecue" */ = {
			isa = XCConfigurationList;
			buildConfigurations = (
				437040B31F0650AB004FA467 /* Debug */,
				437040B41F0650AB004FA467 /* Release */,
			);
			defaultConfigurationIsVisible = 0;
			defaultConfigurationName = Release;
		};
/* End XCConfigurationList section */
	};
	rootObject = 437040981F0650AB004FA467 /* Project object */;
}
